
Microsoft Visual Studio Solution File, Format Version 12.00
# Visual Studio Version 16
VisualStudioVersion = 25.0.1700.0
MinimumVisualStudioVersion = 10.0.40219.1
Project("{FAE04EC0-301F-11D3-BF4B-00C04F79EFBC}") = "TimeMgmt", "TimeMgmt.csproj", "{615C74F3-1276-437E-9A17-597039476440}"
EndProject
Global
	GlobalSection(SolutionConfigurationPlatforms) = preSolution
		Debug|Any CPU = Debug|Any CPU
		Release|Any CPU = Release|Any CPU
	EndGlobalSection
	GlobalSection(ProjectConfigurationPlatforms) = postSolution
		{615C74F3-1276-437E-9A17-597039476440}.Debug|Any CPU.ActiveCfg = Debug|Any CPU
		{615C74F3-1276-437E-9A17-597039476440}.Debug|Any CPU.Build.0 = Debug|Any CPU
		{615C74F3-1276-437E-9A17-597039476440}.Release|Any CPU.ActiveCfg = Release|Any CPU
		{615C74F3-1276-437E-9A17-597039476440}.Release|Any CPU.Build.0 = Release|Any CPU
	EndGlobalSection
	GlobalSection(SolutionProperties) = preSolution
		HideSolutionNode = FALSE
	EndGlobalSection
	GlobalSection(ExtensibilityGlobals) = postSolution
		SolutionGuid = {96F93331-B0A5-489A-BD93-06A580F96113}
	EndGlobalSection
EndGlobal
